
Microsoft Visual Studio Solution File, Format Version 12.00
# Visual Studio Version 16
VisualStudioVersion = 16.0.29709.97
MinimumVisualStudioVersion = 10.0.40219.1
Project("{FAE04EC0-301F-11D3-BF4B-00C04F79EFBC}") = "SortePerUpdated", "SortePerUpdated\SortePerUpdated.csproj", "{486A0A35-357C-460A-A396-B3A97EA049A5}"
EndProject
Project("{FAE04EC0-301F-11D3-BF4B-00C04F79EFBC}") = "Geometri", "Geometri\Geometri.csproj", "{4E277A72-6747-4A37-B599-D3885203358F}"
EndProject
Project("{FAE04EC0-301F-11D3-BF4B-00C04F79EFBC}") = "HelpJacob", "HelpJacob\HelpJacob.csproj", "{CCA714F9-6BE7-4CDE-8707-3CD905E13F89}"
EndProject
Project("{FAE04EC0-301F-11D3-BF4B-00C04F79EFBC}") = "CoffeeMachine", "CoffeeMachine\CoffeeMachine.csproj", "{4A600787-BF42-48EF-98B6-CBF9CCC99B8C}"
EndProject
Project("{FAE04EC0-301F-11D3-BF4B-00C04F79EFBC}") = "BirdsFlyingAround", "BirdsFlyingAround\BirdsFlyingAround.csproj", "{F47F5DC5-5D40-4738-A47E-6309CF17F12C}"
EndProject
Project("{FAE04EC0-301F-11D3-BF4B-00C04F79EFBC}") = "HelpLone", "HelpLone\HelpLone.csproj", "{437821DA-1A9F-4CC5-909A-56AD3AB868C8}"
EndProject
Project("{FAE04EC0-301F-11D3-BF4B-00C04F79EFBC}") = "WebsiteRequester", "WebsiteRequester\WebsiteRequester.csproj", "{AB40D13E-83F7-4E7E-A882-2732ED81D3C5}"
EndProject
Project("{FAE04EC0-301F-11D3-BF4B-00C04F79EFBC}") = "MyBanker", "MyBanker\MyBanker.csproj", "{92689CAF-4D13-44FA-959F-720257BB80CE}"
EndProject
Project("{FAE04EC0-301F-11D3-BF4B-00C04F79EFBC}") = "SortePerWpf", "SortePerWpf\SortePerWpf.csproj", "{06B68A2B-3D51-416F-9CE4-C88732CA057F}"
EndProject
Project("{9A19103F-16F7-4668-BE54-9A1E7A4F7556}") = "ThreadsTemps", "Threads\ThreadsTemps.csproj", "{93297B4E-C7D3-4AA1-BAE6-335BEAE78276}"
EndProject
Project("{FAE04EC0-301F-11D3-BF4B-00C04F79EFBC}") = "ThreadInputLoop", "ThreadInputLoop\ThreadInputLoop.csproj", "{3333E68D-6854-452A-A1E2-8F7AB03F5DA1}"
EndProject
Project("{FAE04EC0-301F-11D3-BF4B-00C04F79EFBC}") = "ThreadPool", "ThreadPool\ThreadPool.csproj", "{AD1E6006-517A-4174-B1C0-38556F183C26}"
EndProject
Project("{FAE04EC0-301F-11D3-BF4B-00C04F79EFBC}") = "ThreadSync", "ThreadSync\ThreadSync.csproj", "{1AAB487B-7C5F-4490-83FD-555A6350E8B4}"
EndProject
Project("{FAE04EC0-301F-11D3-BF4B-00C04F79EFBC}") = "ProducerConsumer", "ProducerConsumer\ProducerConsumer.csproj", "{FEF0ED73-CE59-4EE8-B728-7067AECD4E8B}"
EndProject
Project("{FAE04EC0-301F-11D3-BF4B-00C04F79EFBC}") = "Flaskebaand", "Flaskebaand\Flaskebaand.csproj", "{E30FB8E7-F0F3-4CB7-AB71-9C4D87B85BDB}"
EndProject
Project("{FAE04EC0-301F-11D3-BF4B-00C04F79EFBC}") = "BagageSorteringsSystem", "BagageSorteringsSystem\BagageSorteringsSystem.csproj", "{2D1801B1-0C6D-4DC7-B51B-F7B59CCF3446}"
EndProject
Project("{FAE04EC0-301F-11D3-BF4B-00C04F79EFBC}") = "Zoo", "Zoo\Zoo.csproj", "{797AA16C-A0C7-4A2A-9EC5-5C6EA7AF3361}"
EndProject
Global
	GlobalSection(SolutionConfigurationPlatforms) = preSolution
		Debug|Any CPU = Debug|Any CPU
		Release|Any CPU = Release|Any CPU
	EndGlobalSection
	GlobalSection(ProjectConfigurationPlatforms) = postSolution
		{486A0A35-357C-460A-A396-B3A97EA049A5}.Debug|Any CPU.ActiveCfg = Debug|Any CPU
		{486A0A35-357C-460A-A396-B3A97EA049A5}.Debug|Any CPU.Build.0 = Debug|Any CPU
		{486A0A35-357C-460A-A396-B3A97EA049A5}.Release|Any CPU.ActiveCfg = Release|Any CPU
		{486A0A35-357C-460A-A396-B3A97EA049A5}.Release|Any CPU.Build.0 = Release|Any CPU
		{4E277A72-6747-4A37-B599-D3885203358F}.Debug|Any CPU.ActiveCfg = Debug|Any CPU
		{4E277A72-6747-4A37-B599-D3885203358F}.Debug|Any CPU.Build.0 = Debug|Any CPU
		{4E277A72-6747-4A37-B599-D3885203358F}.Release|Any CPU.ActiveCfg = Release|Any CPU
		{4E277A72-6747-4A37-B599-D3885203358F}.Release|Any CPU.Build.0 = Release|Any CPU
		{CCA714F9-6BE7-4CDE-8707-3CD905E13F89}.Debug|Any CPU.ActiveCfg = Debug|Any CPU
		{CCA714F9-6BE7-4CDE-8707-3CD905E13F89}.Debug|Any CPU.Build.0 = Debug|Any CPU
		{CCA714F9-6BE7-4CDE-8707-3CD905E13F89}.Release|Any CPU.ActiveCfg = Release|Any CPU
		{CCA714F9-6BE7-4CDE-8707-3CD905E13F89}.Release|Any CPU.Build.0 = Release|Any CPU
		{4A600787-BF42-48EF-98B6-CBF9CCC99B8C}.Debug|Any CPU.ActiveCfg = Debug|Any CPU
		{4A600787-BF42-48EF-98B6-CBF9CCC99B8C}.Debug|Any CPU.Build.0 = Debug|Any CPU
		{4A600787-BF42-48EF-98B6-CBF9CCC99B8C}.Release|Any CPU.ActiveCfg = Release|Any CPU
		{4A600787-BF42-48EF-98B6-CBF9CCC99B8C}.Release|Any CPU.Build.0 = Release|Any CPU
		{F47F5DC5-5D40-4738-A47E-6309CF17F12C}.Debug|Any CPU.ActiveCfg = Debug|Any CPU
		{F47F5DC5-5D40-4738-A47E-6309CF17F12C}.Debug|Any CPU.Build.0 = Debug|Any CPU
		{F47F5DC5-5D40-4738-A47E-6309CF17F12C}.Release|Any CPU.ActiveCfg = Release|Any CPU
		{F47F5DC5-5D40-4738-A47E-6309CF17F12C}.Release|Any CPU.Build.0 = Release|Any CPU
		{437821DA-1A9F-4CC5-909A-56AD3AB868C8}.Debug|Any CPU.ActiveCfg = Debug|Any CPU
		{437821DA-1A9F-4CC5-909A-56AD3AB868C8}.Debug|Any CPU.Build.0 = Debug|Any CPU
		{437821DA-1A9F-4CC5-909A-56AD3AB868C8}.Release|Any CPU.ActiveCfg = Release|Any CPU
		{437821DA-1A9F-4CC5-909A-56AD3AB868C8}.Release|Any CPU.Build.0 = Release|Any CPU
		{AB40D13E-83F7-4E7E-A882-2732ED81D3C5}.Debug|Any CPU.ActiveCfg = Debug|Any CPU
		{AB40D13E-83F7-4E7E-A882-2732ED81D3C5}.Debug|Any CPU.Build.0 = Debug|Any CPU
		{AB40D13E-83F7-4E7E-A882-2732ED81D3C5}.Release|Any CPU.ActiveCfg = Release|Any CPU
		{AB40D13E-83F7-4E7E-A882-2732ED81D3C5}.Release|Any CPU.Build.0 = Release|Any CPU
		{92689CAF-4D13-44FA-959F-720257BB80CE}.Debug|Any CPU.ActiveCfg = Debug|Any CPU
		{92689CAF-4D13-44FA-959F-720257BB80CE}.Debug|Any CPU.Build.0 = Debug|Any CPU
		{92689CAF-4D13-44FA-959F-720257BB80CE}.Release|Any CPU.ActiveCfg = Release|Any CPU
		{92689CAF-4D13-44FA-959F-720257BB80CE}.Release|Any CPU.Build.0 = Release|Any CPU
		{06B68A2B-3D51-416F-9CE4-C88732CA057F}.Debug|Any CPU.ActiveCfg = Debug|Any CPU
		{06B68A2B-3D51-416F-9CE4-C88732CA057F}.Debug|Any CPU.Build.0 = Debug|Any CPU
		{06B68A2B-3D51-416F-9CE4-C88732CA057F}.Release|Any CPU.ActiveCfg = Release|Any CPU
		{06B68A2B-3D51-416F-9CE4-C88732CA057F}.Release|Any CPU.Build.0 = Release|Any CPU
		{93297B4E-C7D3-4AA1-BAE6-335BEAE78276}.Debug|Any CPU.ActiveCfg = Debug|Any CPU
		{93297B4E-C7D3-4AA1-BAE6-335BEAE78276}.Debug|Any CPU.Build.0 = Debug|Any CPU
		{93297B4E-C7D3-4AA1-BAE6-335BEAE78276}.Release|Any CPU.ActiveCfg = Release|Any CPU
		{93297B4E-C7D3-4AA1-BAE6-335BEAE78276}.Release|Any CPU.Build.0 = Release|Any CPU
		{3333E68D-6854-452A-A1E2-8F7AB03F5DA1}.Debug|Any CPU.ActiveCfg = Debug|Any CPU
		{3333E68D-6854-452A-A1E2-8F7AB03F5DA1}.Debug|Any CPU.Build.0 = Debug|Any CPU
		{3333E68D-6854-452A-A1E2-8F7AB03F5DA1}.Release|Any CPU.ActiveCfg = Release|Any CPU
		{3333E68D-6854-452A-A1E2-8F7AB03F5DA1}.Release|Any CPU.Build.0 = Release|Any CPU
		{AD1E6006-517A-4174-B1C0-38556F183C26}.Debug|Any CPU.ActiveCfg = Debug|Any CPU
		{AD1E6006-517A-4174-B1C0-38556F183C26}.Debug|Any CPU.Build.0 = Debug|Any CPU
		{AD1E6006-517A-4174-B1C0-38556F183C26}.Release|Any CPU.ActiveCfg = Release|Any CPU
		{AD1E6006-517A-4174-B1C0-38556F183C26}.Release|Any CPU.Build.0 = Release|Any CPU
		{1AAB487B-7C5F-4490-83FD-555A6350E8B4}.Debug|Any CPU.ActiveCfg = Debug|Any CPU
		{1AAB487B-7C5F-4490-83FD-555A6350E8B4}.Debug|Any CPU.Build.0 = Debug|Any CPU
		{1AAB487B-7C5F-4490-83FD-555A6350E8B4}.Release|Any CPU.ActiveCfg = Release|Any CPU
		{1AAB487B-7C5F-4490-83FD-555A6350E8B4}.Release|Any CPU.Build.0 = Release|Any CPU
		{FEF0ED73-CE59-4EE8-B728-7067AECD4E8B}.Debug|Any CPU.ActiveCfg = Debug|Any CPU
		{FEF0ED73-CE59-4EE8-B728-7067AECD4E8B}.Debug|Any CPU.Build.0 = Debug|Any CPU
		{FEF0ED73-CE59-4EE8-B728-7067AECD4E8B}.Release|Any CPU.ActiveCfg = Release|Any CPU
		{FEF0ED73-CE59-4EE8-B728-7067AECD4E8B}.Release|Any CPU.Build.0 = Release|Any CPU
		{E30FB8E7-F0F3-4CB7-AB71-9C4D87B85BDB}.Debug|Any CPU.ActiveCfg = Debug|Any CPU
		{E30FB8E7-F0F3-4CB7-AB71-9C4D87B85BDB}.Debug|Any CPU.Build.0 = Debug|Any CPU
		{E30FB8E7-F0F3-4CB7-AB71-9C4D87B85BDB}.Release|Any CPU.ActiveCfg = Release|Any CPU
		{E30FB8E7-F0F3-4CB7-AB71-9C4D87B85BDB}.Release|Any CPU.Build.0 = Release|Any CPU
		{2D1801B1-0C6D-4DC7-B51B-F7B59CCF3446}.Debug|Any CPU.ActiveCfg = Debug|Any CPU
		{2D1801B1-0C6D-4DC7-B51B-F7B59CCF3446}.Debug|Any CPU.Build.0 = Debug|Any CPU
		{2D1801B1-0C6D-4DC7-B51B-F7B59CCF3446}.Release|Any CPU.ActiveCfg = Release|Any CPU
		{2D1801B1-0C6D-4DC7-B51B-F7B59CCF3446}.Release|Any CPU.Build.0 = Release|Any CPU
		{797AA16C-A0C7-4A2A-9EC5-5C6EA7AF3361}.Debug|Any CPU.ActiveCfg = Debug|Any CPU
		{797AA16C-A0C7-4A2A-9EC5-5C6EA7AF3361}.Debug|Any CPU.Build.0 = Debug|Any CPU
		{797AA16C-A0C7-4A2A-9EC5-5C6EA7AF3361}.Release|Any CPU.ActiveCfg = Release|Any CPU
		{797AA16C-A0C7-4A2A-9EC5-5C6EA7AF3361}.Release|Any CPU.Build.0 = Release|Any CPU
	EndGlobalSection
	GlobalSection(SolutionProperties) = preSolution
		HideSolutionNode = FALSE
	EndGlobalSection
	GlobalSection(ExtensibilityGlobals) = postSolution
		SolutionGuid = {8BA89F33-EF3D-4632-869A-1B0301AC721C}
	EndGlobalSection
EndGlobal
